
Microsoft Visual Studio Solution File, Format Version 12.00
# Visual Studio Version 17
VisualStudioVersion = 17.7.34031.279
MinimumVisualStudioVersion = 10.0.40219.1
Project("{FAE04EC0-301F-11D3-BF4B-00C04F79EFBC}") = "Excursion", "Excursion\Excursion.csproj", "{45BE3318-DFE2-4457-9AE5-7565077032DA}"
EndProject
Global
	GlobalSection(SolutionConfigurationPlatforms) = preSolution
		Debug|Any CPU = Debug|Any CPU
		Release|Any CPU = Release|Any CPU
	EndGlobalSection
	GlobalSection(ProjectConfigurationPlatforms) = postSolution
		{45BE3318-DFE2-4457-9AE5-7565077032DA}.Debug|Any CPU.ActiveCfg = Debug|Any CPU
		{45BE3318-DFE2-4457-9AE5-7565077032DA}.Debug|Any CPU.Build.0 = Debug|Any CPU
		{45BE3318-DFE2-4457-9AE5-7565077032DA}.Release|Any CPU.ActiveCfg = Release|Any CPU
		{45BE3318-DFE2-4457-9AE5-7565077032DA}.Release|Any CPU.Build.0 = Release|Any CPU
	EndGlobalSection
	GlobalSection(SolutionProperties) = preSolution
		HideSolutionNode = FALSE
	EndGlobalSection
	GlobalSection(ExtensibilityGlobals) = postSolution
		SolutionGuid = {423E42CD-0184-4B06-A542-EEC4FE79C20C}
	EndGlobalSection
EndGlobal
